{
  "object": {
    "pins": [
      {
        "package": "PerfectCRUD",
        "repositoryURL": "https://github.com/PerfectlySoft/Perfect-CRUD.git",
        "state": {
          "branch": null,
          "revision": "e79873e28ee9acf96fdf71b6784130a97a4b3f74",
          "version": "1.0.4"
        }
      },
      {
        "package": "PerfectMySQL",
        "repositoryURL": "https://github.com/PerfectlySoft/Perfect-MySQL.git",
        "state": {
          "branch": null,
          "revision": "318067a59427b5e4bc5d8fb28ce5b3dc83bd9bc3",
          "version": "3.2.0"
        }
      },
      {
        "package": "mysqlclient",
        "repositoryURL": "https://github.com/PerfectlySoft/Perfect-mysqlclient.git",
        "state": {
          "branch": null,
          "revision": "51991fc81e40ddef36e8db1868c9b7f1f83d30dc",
          "version": "2.0.1"
        }
      },
      {
        "package": "swift-nio",
        "repositoryURL": "https://github.com/apple/swift-nio.git",
        "state": {
          "branch": null,
          "revision": "695afc5205aaa49fca092b94b479ff71c43d9d3c",
          "version": "1.8.0"
        }
      },
      {
        "package": "swift-nio-zlib-support",
        "repositoryURL": "https://github.com/apple/swift-nio-zlib-support.git",
        "state": {
          "branch": null,
          "revision": "37760e9a52030bb9011972c5213c3350fa9d41fd",
          "version": "1.0.0"
        }
      },
      {
        "package": "SwiftPM",
        "repositoryURL": "https://github.com/apple/swift-package-manager.git",
        "state": {
          "branch": null,
          "revision": "6983434787dec4e543e9d398a0a9acf63ccd4da1",
          "version": "0.2.1"
        }
      }
    ]
  },
  "version": 1
}
